
Microsoft Visual Studio Solution File, Format Version 12.00
# Visual Studio Version 17
VisualStudioVersion = 17.4.33403.182
MinimumVisualStudioVersion = 10.0.40219.1
Project("{9A19103F-16F7-4668-BE54-9A1E7A4F7556}") = "MotelBookingApp", "MotelBookingApp\MotelBookingApp.csproj", "{8C62D0FF-6C69-46CB-8C69-03D5F4AE6E9D}"
EndProject
Global
	GlobalSection(SolutionConfigurationPlatforms) = preSolution
		Debug|Any CPU = Debug|Any CPU
		Release|Any CPU = Release|Any CPU
	EndGlobalSection
	GlobalSection(ProjectConfigurationPlatforms) = postSolution
		{8C62D0FF-6C69-46CB-8C69-03D5F4AE6E9D}.Debug|Any CPU.ActiveCfg = Debug|Any CPU
		{8C62D0FF-6C69-46CB-8C69-03D5F4AE6E9D}.Debug|Any CPU.Build.0 = Debug|Any CPU
		{8C62D0FF-6C69-46CB-8C69-03D5F4AE6E9D}.Release|Any CPU.ActiveCfg = Release|Any CPU
		{8C62D0FF-6C69-46CB-8C69-03D5F4AE6E9D}.Release|Any CPU.Build.0 = Release|Any CPU
	EndGlobalSection
	GlobalSection(SolutionProperties) = preSolution
		HideSolutionNode = FALSE
	EndGlobalSection
	GlobalSection(ExtensibilityGlobals) = postSolution
		SolutionGuid = {2796ED5E-5998-475C-A18B-B3BE2868058F}
	EndGlobalSection
EndGlobal
