
Microsoft Visual Studio Solution File, Format Version 12.00
# Visual Studio Version 17
VisualStudioVersion = 17.4.33403.182
MinimumVisualStudioVersion = 10.0.40219.1
Project("{FAE04EC0-301F-11D3-BF4B-00C04F79EFBC}") = "MotelBookingApp", "MotelBookingApp\MotelBookingApp.csproj", "{8C62D0FF-6C69-46CB-8C69-03D5F4AE6E9D}"
EndProject
Project("{2150E333-8FDC-42A3-9474-1A3956D46DE8}") = "Solution Items", "Solution Items", "{BDDF2248-334A-4D66-A258-2CDB655BF728}"
	ProjectSection(SolutionItems) = preProject
		buildspec.yml = buildspec.yml
		Procfile.txt = Procfile.txt
	EndProjectSection
EndProject
Global
	GlobalSection(SolutionConfigurationPlatforms) = preSolution
		Debug|Any CPU = Debug|Any CPU
		Release|Any CPU = Release|Any CPU
	EndGlobalSection
	GlobalSection(ProjectConfigurationPlatforms) = postSolution
		{8C62D0FF-6C69-46CB-8C69-03D5F4AE6E9D}.Debug|Any CPU.ActiveCfg = Debug|Any CPU
		{8C62D0FF-6C69-46CB-8C69-03D5F4AE6E9D}.Debug|Any CPU.Build.0 = Debug|Any CPU
		{8C62D0FF-6C69-46CB-8C69-03D5F4AE6E9D}.Release|Any CPU.ActiveCfg = Release|Any CPU
		{8C62D0FF-6C69-46CB-8C69-03D5F4AE6E9D}.Release|Any CPU.Build.0 = Release|Any CPU
	EndGlobalSection
	GlobalSection(SolutionProperties) = preSolution
		HideSolutionNode = FALSE
	EndGlobalSection
	GlobalSection(ExtensibilityGlobals) = postSolution
		SolutionGuid = {2796ED5E-5998-475C-A18B-B3BE2868058F}
	EndGlobalSection
EndGlobal
