
Microsoft Visual Studio Solution File, Format Version 12.00
# Visual Studio Version 17
VisualStudioVersion = 17.4.33403.182
MinimumVisualStudioVersion = 10.0.40219.1
Project("{9A19103F-16F7-4668-BE54-9A1E7A4F7556}") = "AwsTest", "AwsTest.csproj", "{B778E56A-1595-484C-A527-D4F9EFC78594}"
EndProject
Global
	GlobalSection(SolutionConfigurationPlatforms) = preSolution
		Debug|Any CPU = Debug|Any CPU
		Release|Any CPU = Release|Any CPU
	EndGlobalSection
	GlobalSection(ProjectConfigurationPlatforms) = postSolution
		{B778E56A-1595-484C-A527-D4F9EFC78594}.Debug|Any CPU.ActiveCfg = Debug|Any CPU
		{B778E56A-1595-484C-A527-D4F9EFC78594}.Debug|Any CPU.Build.0 = Debug|Any CPU
		{B778E56A-1595-484C-A527-D4F9EFC78594}.Release|Any CPU.ActiveCfg = Release|Any CPU
		{B778E56A-1595-484C-A527-D4F9EFC78594}.Release|Any CPU.Build.0 = Release|Any CPU
	EndGlobalSection
	GlobalSection(SolutionProperties) = preSolution
		HideSolutionNode = FALSE
	EndGlobalSection
	GlobalSection(ExtensibilityGlobals) = postSolution
		SolutionGuid = {24D34955-56FB-47D4-92DF-3A72EB312686}
	EndGlobalSection
EndGlobal
